
Microsoft Visual Studio Solution File, Format Version 12.00
# Visual Studio Version 16
VisualStudioVersion = 16.0.28803.202
MinimumVisualStudioVersion = 10.0.40219.1
Project("{FAE04EC0-301F-11D3-BF4B-00C04F79EFBC}") = "SystemInfo", "SystemInfo\SystemInfo.csproj", "{113CFBC5-CE2B-4749-A8C1-1C5EE06B9191}"
EndProject
Project("{FAE04EC0-301F-11D3-BF4B-00C04F79EFBC}") = "Test", "Test\Test.csproj", "{8E1B8333-0EEC-428E-A8C4-23FBB4756CFE}"
EndProject
Global
	GlobalSection(SolutionConfigurationPlatforms) = preSolution
		Debug|Any CPU = Debug|Any CPU
		Release|Any CPU = Release|Any CPU
	EndGlobalSection
	GlobalSection(ProjectConfigurationPlatforms) = postSolution
		{113CFBC5-CE2B-4749-A8C1-1C5EE06B9191}.Debug|Any CPU.ActiveCfg = Debug|Any CPU
		{113CFBC5-CE2B-4749-A8C1-1C5EE06B9191}.Debug|Any CPU.Build.0 = Debug|Any CPU
		{113CFBC5-CE2B-4749-A8C1-1C5EE06B9191}.Release|Any CPU.ActiveCfg = Release|Any CPU
		{113CFBC5-CE2B-4749-A8C1-1C5EE06B9191}.Release|Any CPU.Build.0 = Release|Any CPU
		{8E1B8333-0EEC-428E-A8C4-23FBB4756CFE}.Debug|Any CPU.ActiveCfg = Debug|Any CPU
		{8E1B8333-0EEC-428E-A8C4-23FBB4756CFE}.Debug|Any CPU.Build.0 = Debug|Any CPU
		{8E1B8333-0EEC-428E-A8C4-23FBB4756CFE}.Release|Any CPU.ActiveCfg = Release|Any CPU
		{8E1B8333-0EEC-428E-A8C4-23FBB4756CFE}.Release|Any CPU.Build.0 = Release|Any CPU
	EndGlobalSection
	GlobalSection(SolutionProperties) = preSolution
		HideSolutionNode = FALSE
	EndGlobalSection
	GlobalSection(ExtensibilityGlobals) = postSolution
		SolutionGuid = {B699CC75-AB3E-475B-8F7B-51013A6211BF}
	EndGlobalSection
EndGlobal
